# This file is automatically @generated by Poetry and should not be changed by hand.

[[package]]
name = "certifi"
version = "2019.9.11"
description = "Python package for providing Mozilla's CA Bundle."
category = "main"
optional = false
python-versions = "*"
files = [
    {file = "certifi-2019.9.11-py2.py3-none-any.whl", hash = "sha256:fd7c7c74727ddcf00e9acd26bba8da604ffec95bf1c2144e67aff7a8b50e6cef"},
    {file = "certifi-2019.9.11.tar.gz", hash = "sha256:e4f3620cfea4f83eedc95b24abd9cd56f3c4b146dd0177e83a21b4eb49e21e50"},
]

[[package]]
name = "chardet"
version = "3.0.4"
description = "Universal encoding detector for Python 2 and 3"
category = "main"
optional = false
python-versions = "*"
files = [
    {file = "chardet-3.0.4-py2.py3-none-any.whl", hash = "sha256:fc323ffcaeaed0e0a02bf4d117757b98aed530d9ed4531e3e15460124c106691"},
    {file = "chardet-3.0.4.tar.gz", hash = "sha256:84ab92ed1c4d4f16916e05906b6b75a6c0fb5db821cc65e70cbd64a3e2a5eaae"},
]

[[package]]
name = "click"
version = "7.0"
description = "Composable command line interface toolkit"
category = "main"
optional = false
python-versions = ">=2.7, !=3.0.*, !=3.1.*, !=3.2.*, !=3.3.*"
files = [
    {file = "Click-7.0-py2.py3-none-any.whl", hash = "sha256:2335065e6395b9e67ca716de5f7526736bfa6ceead690adf616d925bdc622b13"},
    {file = "Click-7.0.tar.gz", hash = "sha256:5b94b49521f6456670fdb30cd82a4eca9412788a93fa6dd6df72c94d5a8ff2d7"},
]

[[package]]
name = "flask"
version = "1.0.2"
description = "A simple framework for building complex web applications."
category = "main"
optional = false
python-versions = "*"
files = [
    {file = "Flask-1.0.2-py2.py3-none-any.whl", hash = "sha256:a080b744b7e345ccfcbc77954861cb05b3c63786e93f2b3875e0913d44b43f05"},
    {file = "Flask-1.0.2.tar.gz", hash = "sha256:2271c0070dbcb5275fad4a82e29f23ab92682dc45f9dfbc22c02ba9b9322ce48"},
]

[package.dependencies]
click = ">=5.1"
itsdangerous = ">=0.24"
Jinja2 = ">=2.10"
Werkzeug = ">=0.14"

[package.extras]
dev = ["coverage", "pallets-sphinx-themes", "pytest (>=3)", "sphinx", "sphinxcontrib-log-cabinet", "tox"]
docs = ["pallets-sphinx-themes", "sphinx", "sphinxcontrib-log-cabinet"]
dotenv = ["python-dotenv"]

[[package]]
name = "idna"
version = "2.8"
description = "Internationalized Domain Names in Applications (IDNA)"
category = "main"
optional = false
python-versions = ">=2.7, !=3.0.*, !=3.1.*, !=3.2.*, !=3.3.*"
files = [
    {file = "idna-2.8-py2.py3-none-any.whl", hash = "sha256:ea8b7f6188e6fa117537c3df7da9fc686d485087abf6ac197f9c46432f7e4a3c"},
    {file = "idna-2.8.tar.gz", hash = "sha256:c357b3f628cf53ae2c4c05627ecc484553142ca23264e593d327bcde5e9c3407"},
]

[[package]]
name = "itsdangerous"
version = "1.1.0"
description = "Various helpers to pass data to untrusted environments and back."
category = "main"
optional = false
python-versions = ">=2.7, !=3.0.*, !=3.1.*, !=3.2.*, !=3.3.*"
files = [
    {file = "itsdangerous-1.1.0-py2.py3-none-any.whl", hash = "sha256:b12271b2047cb23eeb98c8b5622e2e5c5e9abd9784a153e9d8ef9cb4dd09d749"},
    {file = "itsdangerous-1.1.0.tar.gz", hash = "sha256:321b033d07f2a4136d3ec762eac9f16a10ccd60f53c0c91af90217ace7ba1f19"},
]

[[package]]
name = "jaeger-client"
version = "4.1.0"
description = "Jaeger Python OpenTracing Tracer implementation"
category = "main"
optional = false
python-versions = "*"
files = [
    {file = "jaeger-client-4.1.0.tar.gz", hash = "sha256:6336bead9a7d5597dff411cc4e6e62b66f0950011d7a51e1b700a82c6cf2de31"},
]

[package.dependencies]
opentracing = ">=2.1,<3.0"
threadloop = ">=1,<2"
thrift = "*"
tornado = ">=4.3,<6"

[package.extras]
tests = ["codecov", "coverage (<4.4)", "flake8", "flake8-quotes", "mock (==1.0.1)", "opentracing_instrumentation (>=3,<4)", "prometheus_client (==0.3.1)", "pycurl (>=7.43,<8)", "pytest (>=3.7.0,<3.8.0)", "pytest-benchmark[histogram] (>=3.0.0rc1,<3.2)", "pytest-cov (==2.5.1)", "pytest-localserver", "pytest-timeout (==1.3.1)", "pytest-tornado", "tchannel (>=0.27)"]

[[package]]
name = "jinja2"
version = "2.11.3"
description = "A very fast and expressive template engine."
category = "main"
optional = false
python-versions = ">=2.7, !=3.0.*, !=3.1.*, !=3.2.*, !=3.3.*, !=3.4.*"
files = [
    {file = "Jinja2-2.11.3-py2.py3-none-any.whl", hash = "sha256:03e47ad063331dd6a3f04a43eddca8a966a26ba0c5b7207a9a9e4e08f1b29419"},
    {file = "Jinja2-2.11.3.tar.gz", hash = "sha256:a6d58433de0ae800347cab1fa3043cebbabe8baa9d29e668f1c768cb87a333c6"},
]

[package.dependencies]
MarkupSafe = ">=0.23"

[package.extras]
i18n = ["Babel (>=0.8)"]

[[package]]
name = "markupsafe"
version = "1.1.0"
description = "Safely add untrusted strings to HTML/XML markup."
category = "main"
optional = false
python-versions = ">=2.7,!=3.0.*,!=3.1.*,!=3.2.*,!=3.3.*"
files = [
    {file = "MarkupSafe-1.1.0-cp27-cp27m-macosx_10_6_intel.whl", hash = "sha256:efdc45ef1afc238db84cb4963aa689c0408912a0239b0721cb172b4016eb31d6"},
    {file = "MarkupSafe-1.1.0-cp27-cp27m-manylinux1_i686.whl", hash = "sha256:52ccb45e77a1085ec5461cde794e1aa037df79f473cbc69b974e73940655c8d7"},
    {file = "MarkupSafe-1.1.0-cp27-cp27m-manylinux1_x86_64.whl", hash = "sha256:525396ee324ee2da82919f2ee9c9e73b012f23e7640131dd1b53a90206a0f09c"},
    {file = "MarkupSafe-1.1.0-cp27-cp27m-win32.whl", hash = "sha256:31cbb1359e8c25f9f48e156e59e2eaad51cd5242c05ed18a8de6dbe85184e4b7"},
    {file = "MarkupSafe-1.1.0-cp27-cp27m-win_amd64.whl", hash = "sha256:edce2ea7f3dfc981c4ddc97add8a61381d9642dc3273737e756517cc03e84dd6"},
    {file = "MarkupSafe-1.1.0-cp27-cp27mu-manylinux1_i686.whl", hash = "sha256:5c3fbebd7de20ce93103cb3183b47671f2885307df4a17a0ad56a1dd51273d36"},
    {file = "MarkupSafe-1.1.0-cp27-cp27mu-manylinux1_x86_64.whl", hash = "sha256:f82e347a72f955b7017a39708a3667f106e6ad4d10b25f237396a7115d8ed5fd"},
    {file = "MarkupSafe-1.1.0-cp34-cp34m-macosx_10_6_intel.whl", hash = "sha256:19f637c2ac5ae9da8bfd98cef74d64b7e1bb8a63038a3505cd182c3fac5eb4d9"},
    {file = "MarkupSafe-1.1.0-cp34-cp34m-manylinux1_i686.whl", hash = "sha256:98e439297f78fca3a6169fd330fbe88d78b3bb72f967ad9961bcac0d7fdd1550"},
    {file = "MarkupSafe-1.1.0-cp34-cp34m-manylinux1_x86_64.whl", hash = "sha256:fb7c206e01ad85ce57feeaaa0bf784b97fa3cad0d4a5737bc5295785f5c613a1"},
    {file = "MarkupSafe-1.1.0-cp34-cp34m-win32.whl", hash = "sha256:1fa6058938190ebe8290e5cae6c351e14e7bb44505c4a7624555ce57fbbeba0d"},
    {file = "MarkupSafe-1.1.0-cp34-cp34m-win_amd64.whl", hash = "sha256:e982fe07ede9fada6ff6705af70514a52beb1b2c3d25d4e873e82114cf3c5401"},
    {file = "MarkupSafe-1.1.0-cp35-cp35m-macosx_10_6_intel.whl", hash = "sha256:5e5851969aea17660e55f6a3be00037a25b96a9b44d2083651812c99d53b14d1"},
    {file = "MarkupSafe-1.1.0-cp35-cp35m-manylinux1_i686.whl", hash = "sha256:f137c02498f8b935892d5c0172560d7ab54bc45039de8805075e19079c639a9c"},
    {file = "MarkupSafe-1.1.0-cp35-cp35m-manylinux1_x86_64.whl", hash = "sha256:3e835d8841ae7863f64e40e19477f7eb398674da6a47f09871673742531e6f4b"},
    {file = "MarkupSafe-1.1.0-cp35-cp35m-win32.whl", hash = "sha256:5edfa27b2d3eefa2210fb2f5d539fbed81722b49f083b2c6566455eb7422fd7e"},
    {file = "MarkupSafe-1.1.0-cp35-cp35m-win_amd64.whl", hash = "sha256:857eebb2c1dc60e4219ec8e98dfa19553dae33608237e107db9c6078b1167856"},
    {file = "MarkupSafe-1.1.0-cp36-cp36m-macosx_10_6_intel.whl", hash = "sha256:bf54103892a83c64db58125b3f2a43df6d2cb2d28889f14c78519394feb41492"},
    {file = "MarkupSafe-1.1.0-cp36-cp36m-manylinux1_i686.whl", hash = "sha256:048ef924c1623740e70204aa7143ec592504045ae4429b59c30054cb31e3c432"},
    {file = "MarkupSafe-1.1.0-cp36-cp36m-manylinux1_x86_64.whl", hash = "sha256:83381342bfc22b3c8c06f2dd93a505413888694302de25add756254beee8449c"},
    {file = "MarkupSafe-1.1.0-cp36-cp36m-win32.whl", hash = "sha256:130f844e7f5bdd8e9f3f42e7102ef1d49b2e6fdf0d7526df3f87281a532d8c8b"},
    {file = "MarkupSafe-1.1.0-cp36-cp36m-win_amd64.whl", hash = "sha256:52b07fbc32032c21ad4ab060fec137b76eb804c4b9a1c7c7dc562549306afad2"},
    {file = "MarkupSafe-1.1.0-cp37-cp37m-macosx_10_6_intel.whl", hash = "sha256:1f19ef5d3908110e1e891deefb5586aae1b49a7440db952454b4e281b41620cd"},
    {file = "MarkupSafe-1.1.0-cp37-cp37m-manylinux1_i686.whl", hash = "sha256:1b8a7a87ad1b92bd887568ce54b23565f3fd7018c4180136e1cf412b405a47af"},
    {file = "MarkupSafe-1.1.0-cp37-cp37m-manylinux1_x86_64.whl", hash = "sha256:d9ac82be533394d341b41d78aca7ed0e0f4ba5a2231602e2f05aa87f25c51672"},
    {file = "MarkupSafe-1.1.0-cp37-cp37m-win32.whl", hash = "sha256:1c25694ca680b6919de53a4bb3bdd0602beafc63ff001fea2f2fc16ec3a11834"},
    {file = "MarkupSafe-1.1.0-cp37-cp37m-win_amd64.whl", hash = "sha256:7d263e5770efddf465a9e31b78362d84d015cc894ca2c131901a4445eaa61ee1"},
    {file = "MarkupSafe-1.1.0.tar.gz", hash = "sha256:4e97332c9ce444b0c2c38dd22ddc61c743eb208d916e4265a2a3b575bdccb1d3"},
]

[[package]]
name = "opentracing"
version = "2.2.0"
description = "OpenTracing API for Python. See documentation at http://opentracing.io"
category = "main"
optional = false
python-versions = "*"
files = [
    {file = "opentracing-2.2.0.tar.gz", hash = "sha256:cfd231ba5c58f90bc277787e62861eb0c6e4af76e42957bec240bbdf71fb7e0e"},
]

[package.extras]
tests = ["Sphinx", "doubles", "flake8", "flake8-quotes", "gevent", "mock", "pytest", "pytest-cov", "pytest-mock", "six (>=1.10.0,<2.0)", "sphinx_rtd_theme", "tornado (<6)"]

[[package]]
name = "requests"
version = "2.22.0"
description = "Python HTTP for Humans."
category = "main"
optional = false
python-versions = ">=2.7, !=3.0.*, !=3.1.*, !=3.2.*, !=3.3.*, !=3.4.*"
files = [
    {file = "requests-2.22.0-py2.py3-none-any.whl", hash = "sha256:9cf5292fcd0f598c671cfc1e0d7d1a7f13bb8085e9a590f48c010551dc6c4b31"},
    {file = "requests-2.22.0.tar.gz", hash = "sha256:11e007a8a2aa0323f5a921e9e6a2d7e4e67d9877e85773fba9ba6419025cbeb4"},
]

[package.dependencies]
certifi = ">=2017.4.17"
chardet = ">=3.0.2,<3.1.0"
idna = ">=2.5,<2.9"
urllib3 = ">=1.21.1,<1.25.0 || >1.25.0,<1.25.1 || >1.25.1,<1.26"

[package.extras]
security = ["cryptography (>=1.3.4)", "idna (>=2.0.0)", "pyOpenSSL (>=0.14)"]
socks = ["PySocks (>=1.5.6,!=1.5.7)", "win-inet-pton"]

[[package]]
name = "six"
version = "1.12.0"
description = "Python 2 and 3 compatibility utilities"
category = "main"
optional = false
python-versions = ">=2.6, !=3.0.*, !=3.1.*"
files = [
    {file = "six-1.12.0-py2.py3-none-any.whl", hash = "sha256:3350809f0555b11f552448330d0b52d5f24c91a322ea4a15ef22629740f3761c"},
    {file = "six-1.12.0.tar.gz", hash = "sha256:d16a0141ec1a18405cd4ce8b4613101da75da0e9a7aec5bdd4fa804d0e0eba73"},
]

[[package]]
name = "threadloop"
version = "1.0.2"
description = "Tornado IOLoop Backed Concurrent Futures"
category = "main"
optional = false
python-versions = "*"
files = [
    {file = "threadloop-1.0.2-py2-none-any.whl", hash = "sha256:5c90dbefab6ffbdba26afb4829d2a9df8275d13ac7dc58dccb0e279992679599"},
    {file = "threadloop-1.0.2.tar.gz", hash = "sha256:8b180aac31013de13c2ad5c834819771992d350267bddb854613ae77ef571944"},
]

[package.dependencies]
tornado = "*"

[[package]]
name = "thrift"
version = "0.11.0"
description = "Python bindings for the Apache Thrift RPC system"
category = "main"
optional = false
python-versions = "*"
files = [
    {file = "thrift-0.11.0.tar.gz", hash = "sha256:7d59ac4fdcb2c58037ebd4a9da5f9a49e3e034bf75b3f26d9fe48ba3d8806e6b"},
]

[package.dependencies]
six = ">=1.7.2"

[package.extras]
all = ["backports.ssl_match_hostname (>=3.5)", "ipaddress", "tornado (>=4.0)", "twisted"]
ssl = ["backports.ssl_match_hostname (>=3.5)", "ipaddress"]
tornado = ["tornado (>=4.0)"]
twisted = ["twisted"]

[[package]]
name = "tornado"
version = "5.1.1"
description = "Tornado is a Python web framework and asynchronous networking library, originally developed at FriendFeed."
category = "main"
optional = false
python-versions = ">= 2.7, !=3.0.*, !=3.1.*, !=3.2.*, != 3.3.*"
files = [
    {file = "tornado-5.1.1-cp35-cp35m-win32.whl", hash = "sha256:732e836008c708de2e89a31cb2fa6c0e5a70cb60492bee6f1ea1047500feaf7f"},
    {file = "tornado-5.1.1-cp35-cp35m-win_amd64.whl", hash = "sha256:0662d28b1ca9f67108c7e3b77afabfb9c7e87bde174fbda78186ecedc2499a9d"},
    {file = "tornado-5.1.1-cp36-cp36m-win32.whl", hash = "sha256:8154ec22c450df4e06b35f131adc4f2f3a12ec85981a203301d310abf580500f"},
    {file = "tornado-5.1.1-cp36-cp36m-win_amd64.whl", hash = "sha256:d4b3e5329f572f055b587efc57d29bd051589fb5a43ec8898c77a47ec2fa2bbb"},
    {file = "tornado-5.1.1-cp37-cp37m-win32.whl", hash = "sha256:e5f2585afccbff22390cddac29849df463b252b711aa2ce7c5f3f342a5b3b444"},
    {file = "tornado-5.1.1-cp37-cp37m-win_amd64.whl", hash = "sha256:8e9d728c4579682e837c92fdd98036bd5cdefa1da2aaf6acf26947e6dd0c01c5"},
    {file = "tornado-5.1.1.tar.gz", hash = "sha256:4e5158d97583502a7e2739951553cbd88a72076f152b4b11b64b9a10c4c49409"},
]

[[package]]
name = "urllib3"
version = "1.25.6"
description = "HTTP library with thread-safe connection pooling, file post, and more."
category = "main"
optional = false
python-versions = ">=2.7, !=3.0.*, !=3.1.*, !=3.2.*, !=3.3.*, <4"
files = [
    {file = "urllib3-1.25.6-py2.py3-none-any.whl", hash = "sha256:3de946ffbed6e6746608990594d08faac602528ac7015ac28d33cee6a45b7398"},
    {file = "urllib3-1.25.6.tar.gz", hash = "sha256:9a107b99a5393caf59c7aa3c1249c16e6879447533d0887f4336dde834c7be86"},
]

[package.extras]
brotli = ["brotlipy (>=0.6.0)"]
secure = ["certifi", "cryptography (>=1.3.4)", "idna (>=2.0.0)", "ipaddress", "pyOpenSSL (>=0.14)"]
socks = ["PySocks (>=1.5.6,!=1.5.7,<2.0)"]

[[package]]
name = "werkzeug"
version = "0.14.1"
description = "The comprehensive WSGI web application library."
category = "main"
optional = false
python-versions = "*"
files = [
    {file = "Werkzeug-0.14.1-py2.py3-none-any.whl", hash = "sha256:d5da73735293558eb1651ee2fddc4d0dedcfa06538b8813a2e20011583c9e49b"},
    {file = "Werkzeug-0.14.1.tar.gz", hash = "sha256:c3fd7a7d41976d9f44db327260e263132466836cef6f91512889ed60ad26557c"},
]

[package.extras]
dev = ["coverage", "pytest", "sphinx", "tox"]
termcolor = ["termcolor"]
watchdog = ["watchdog"]

[metadata]
lock-version = "2.0"
python-versions = "^3.7"
content-hash = "78473d762ab5f7f7a607fc9ff9b2156a681a209312413a70c73f3c45c20eea08"
